
Microsoft Visual Studio Solution File, Format Version 12.00
# Visual Studio 2013
VisualStudioVersion = 12.0.31101.0
MinimumVisualStudioVersion = 10.0.40219.1
Project("{FAE04EC0-301F-11D3-BF4B-00C04F79EFBC}") = "DirectoryComparer", "DirectoryComparer.csproj", "{FC813D80-6FE2-4DF4-ADDC-D4436F712C37}"
EndProject
Global
	GlobalSection(SolutionConfigurationPlatforms) = preSolution
		Debug|Any CPU = Debug|Any CPU
		Release|Any CPU = Release|Any CPU
	EndGlobalSection
	GlobalSection(ProjectConfigurationPlatforms) = postSolution
		{FC813D80-6FE2-4DF4-ADDC-D4436F712C37}.Debug|Any CPU.ActiveCfg = Debug|Any CPU
		{FC813D80-6FE2-4DF4-ADDC-D4436F712C37}.Debug|Any CPU.Build.0 = Debug|Any CPU
		{FC813D80-6FE2-4DF4-ADDC-D4436F712C37}.Release|Any CPU.ActiveCfg = Release|Any CPU
		{FC813D80-6FE2-4DF4-ADDC-D4436F712C37}.Release|Any CPU.Build.0 = Release|Any CPU
	EndGlobalSection
	GlobalSection(SolutionProperties) = preSolution
		HideSolutionNode = FALSE
	EndGlobalSection
EndGlobal
